{
  "name": "@veivel/carboncss",
  "version": "1.0.9",
  "lockfileVersion": 3,
  "requires": true,
  "packages": {
    "": {
      "name": "@veivel/carboncss",
      "version": "1.0.9",
      "license": "ISC",
      "dependencies": {
        "@veivel/carboncss": "^1.0.8"
      }
    },
    "node_modules/@veivel/carboncss": {
      "version": "1.0.9",
      "resolved": "https://registry.npmjs.org/@veivel/carboncss/-/carboncss-1.0.9.tgz",
      "integrity": "sha512-rvOKTOTJR3hrNl8TLl1nQAyOf3b+C8DuX0+n+Jb/DAnC1af9qapIBXmxLYxlI4ORnpXadNGMVMUKnWhXu6DSlg==",
      "license": "ISC",
      "dependencies": {
        "@veivel/carboncss": "^1.0.8"
      }
    }
  }
}
